
Microsoft Visual Studio Solution File, Format Version 12.00
# Visual Studio Version 16
VisualStudioVersion = 16.0.30413.136
MinimumVisualStudioVersion = 10.0.40219.1
Project("{FAE04EC0-301F-11D3-BF4B-00C04F79EFBC}") = "Business", "Business\Business.csproj", "{91F27B1A-340D-4FCF-B576-68271CA7F87D}"
EndProject
Project("{FAE04EC0-301F-11D3-BF4B-00C04F79EFBC}") = "DataAccess", "DataAccess\DataAccess.csproj", "{72F38E93-26BB-4D3C-969A-11F8E133BEB3}"
EndProject
Project("{FAE04EC0-301F-11D3-BF4B-00C04F79EFBC}") = "Entities", "Entities\Entities.csproj", "{A594269E-38DC-4288-B4C0-133730E4F97E}"
EndProject
Project("{FAE04EC0-301F-11D3-BF4B-00C04F79EFBC}") = "ConsoleUI", "ConsoleUI\ConsoleUI.csproj", "{B9F3F3ED-79AA-4E92-A062-DD453ABB01CA}"
EndProject
Global
	GlobalSection(SolutionConfigurationPlatforms) = preSolution
		Debug|Any CPU = Debug|Any CPU
		Release|Any CPU = Release|Any CPU
	EndGlobalSection
	GlobalSection(ProjectConfigurationPlatforms) = postSolution
		{91F27B1A-340D-4FCF-B576-68271CA7F87D}.Debug|Any CPU.ActiveCfg = Debug|Any CPU
		{91F27B1A-340D-4FCF-B576-68271CA7F87D}.Debug|Any CPU.Build.0 = Debug|Any CPU
		{91F27B1A-340D-4FCF-B576-68271CA7F87D}.Release|Any CPU.ActiveCfg = Release|Any CPU
		{91F27B1A-340D-4FCF-B576-68271CA7F87D}.Release|Any CPU.Build.0 = Release|Any CPU
		{72F38E93-26BB-4D3C-969A-11F8E133BEB3}.Debug|Any CPU.ActiveCfg = Debug|Any CPU
		{72F38E93-26BB-4D3C-969A-11F8E133BEB3}.Debug|Any CPU.Build.0 = Debug|Any CPU
		{72F38E93-26BB-4D3C-969A-11F8E133BEB3}.Release|Any CPU.ActiveCfg = Release|Any CPU
		{72F38E93-26BB-4D3C-969A-11F8E133BEB3}.Release|Any CPU.Build.0 = Release|Any CPU
		{A594269E-38DC-4288-B4C0-133730E4F97E}.Debug|Any CPU.ActiveCfg = Debug|Any CPU
		{A594269E-38DC-4288-B4C0-133730E4F97E}.Debug|Any CPU.Build.0 = Debug|Any CPU
		{A594269E-38DC-4288-B4C0-133730E4F97E}.Release|Any CPU.ActiveCfg = Release|Any CPU
		{A594269E-38DC-4288-B4C0-133730E4F97E}.Release|Any CPU.Build.0 = Release|Any CPU
		{B9F3F3ED-79AA-4E92-A062-DD453ABB01CA}.Debug|Any CPU.ActiveCfg = Debug|Any CPU
		{B9F3F3ED-79AA-4E92-A062-DD453ABB01CA}.Debug|Any CPU.Build.0 = Debug|Any CPU
		{B9F3F3ED-79AA-4E92-A062-DD453ABB01CA}.Release|Any CPU.ActiveCfg = Release|Any CPU
		{B9F3F3ED-79AA-4E92-A062-DD453ABB01CA}.Release|Any CPU.Build.0 = Release|Any CPU
	EndGlobalSection
	GlobalSection(SolutionProperties) = preSolution
		HideSolutionNode = FALSE
	EndGlobalSection
	GlobalSection(ExtensibilityGlobals) = postSolution
		SolutionGuid = {FE76DAFD-8AAE-401A-AE9C-CE8D9C86F6F7}
	EndGlobalSection
EndGlobal
